
Microsoft Visual Studio Solution File, Format Version 12.00
# Visual Studio Version 17
VisualStudioVersion = 17.8.34330.188
MinimumVisualStudioVersion = 10.0.40219.1
Project("{FAE04EC0-301F-11D3-BF4B-00C04F79EFBC}") = "QAHackathon", "QAHackathon.csproj", "{D96735F7-86CE-4D0F-AB6F-AA4EB7814B8E}"
EndProject
Global
	GlobalSection(SolutionConfigurationPlatforms) = preSolution
		Debug|Any CPU = Debug|Any CPU
		Release|Any CPU = Release|Any CPU
	EndGlobalSection
	GlobalSection(ProjectConfigurationPlatforms) = postSolution
		{D96735F7-86CE-4D0F-AB6F-AA4EB7814B8E}.Debug|Any CPU.ActiveCfg = Debug|Any CPU
		{D96735F7-86CE-4D0F-AB6F-AA4EB7814B8E}.Debug|Any CPU.Build.0 = Debug|Any CPU
		{D96735F7-86CE-4D0F-AB6F-AA4EB7814B8E}.Release|Any CPU.ActiveCfg = Release|Any CPU
		{D96735F7-86CE-4D0F-AB6F-AA4EB7814B8E}.Release|Any CPU.Build.0 = Release|Any CPU
	EndGlobalSection
	GlobalSection(SolutionProperties) = preSolution
		HideSolutionNode = FALSE
	EndGlobalSection
	GlobalSection(ExtensibilityGlobals) = postSolution
		SolutionGuid = {3F67865B-DBD4-4E25-8735-9AEACAB7BDE4}
	EndGlobalSection
EndGlobal
